
Microsoft Visual Studio Solution File, Format Version 12.00
# Visual Studio Version 17
VisualStudioVersion = 17.8.34330.188
MinimumVisualStudioVersion = 10.0.40219.1
Project("{FAE04EC0-301F-11D3-BF4B-00C04F79EFBC}") = "WEBAPP", "WEBAPP\WEBAPP.csproj", "{9CE0E87D-C12B-4F4C-BC58-0901B617420F}"
EndProject
Global
	GlobalSection(SolutionConfigurationPlatforms) = preSolution
		Debug|Any CPU = Debug|Any CPU
		Release|Any CPU = Release|Any CPU
	EndGlobalSection
	GlobalSection(ProjectConfigurationPlatforms) = postSolution
		{9CE0E87D-C12B-4F4C-BC58-0901B617420F}.Debug|Any CPU.ActiveCfg = Debug|Any CPU
		{9CE0E87D-C12B-4F4C-BC58-0901B617420F}.Debug|Any CPU.Build.0 = Debug|Any CPU
		{9CE0E87D-C12B-4F4C-BC58-0901B617420F}.Release|Any CPU.ActiveCfg = Release|Any CPU
		{9CE0E87D-C12B-4F4C-BC58-0901B617420F}.Release|Any CPU.Build.0 = Release|Any CPU
	EndGlobalSection
	GlobalSection(SolutionProperties) = preSolution
		HideSolutionNode = FALSE
	EndGlobalSection
	GlobalSection(ExtensibilityGlobals) = postSolution
		SolutionGuid = {25064E23-F75F-44BA-8A77-58F2D3934A9D}
	EndGlobalSection
EndGlobal
